
Microsoft Visual Studio Solution File, Format Version 12.00
# Visual Studio Version 16
VisualStudioVersion = 16.0.31624.102
MinimumVisualStudioVersion = 10.0.40219.1
Project("{FAE04EC0-301F-11D3-BF4B-00C04F79EFBC}") = "ExceltoDataformat", "ExceltoDataformat\ExceltoDataformat.csproj", "{5BDEF840-F975-41BD-B27A-67FD05999366}"
EndProject
Global
	GlobalSection(SolutionConfigurationPlatforms) = preSolution
		Debug|Any CPU = Debug|Any CPU
		Release|Any CPU = Release|Any CPU
	EndGlobalSection
	GlobalSection(ProjectConfigurationPlatforms) = postSolution
		{5BDEF840-F975-41BD-B27A-67FD05999366}.Debug|Any CPU.ActiveCfg = Debug|Any CPU
		{5BDEF840-F975-41BD-B27A-67FD05999366}.Debug|Any CPU.Build.0 = Debug|Any CPU
		{5BDEF840-F975-41BD-B27A-67FD05999366}.Release|Any CPU.ActiveCfg = Release|Any CPU
		{5BDEF840-F975-41BD-B27A-67FD05999366}.Release|Any CPU.Build.0 = Release|Any CPU
	EndGlobalSection
	GlobalSection(SolutionProperties) = preSolution
		HideSolutionNode = FALSE
	EndGlobalSection
	GlobalSection(ExtensibilityGlobals) = postSolution
		SolutionGuid = {498257A5-8FB0-4F82-BEEE-11757E2B0F4A}
	EndGlobalSection
EndGlobal
